
Microsoft Visual Studio Solution File, Format Version 12.00
# Visual Studio Version 16
VisualStudioVersion = 16.0.29306.81
MinimumVisualStudioVersion = 10.0.40219.1
Project("{FAE04EC0-301F-11D3-BF4B-00C04F79EFBC}") = "Projet1_ASP", "Projet1_ASP\Projet1_ASP.csproj", "{9269A855-CFAF-4324-AA97-42736943BFDE}"
EndProject
Global
	GlobalSection(SolutionConfigurationPlatforms) = preSolution
		Debug|Any CPU = Debug|Any CPU
		Release|Any CPU = Release|Any CPU
	EndGlobalSection
	GlobalSection(ProjectConfigurationPlatforms) = postSolution
		{9269A855-CFAF-4324-AA97-42736943BFDE}.Debug|Any CPU.ActiveCfg = Debug|Any CPU
		{9269A855-CFAF-4324-AA97-42736943BFDE}.Debug|Any CPU.Build.0 = Debug|Any CPU
		{9269A855-CFAF-4324-AA97-42736943BFDE}.Release|Any CPU.ActiveCfg = Release|Any CPU
		{9269A855-CFAF-4324-AA97-42736943BFDE}.Release|Any CPU.Build.0 = Release|Any CPU
	EndGlobalSection
	GlobalSection(SolutionProperties) = preSolution
		HideSolutionNode = FALSE
	EndGlobalSection
	GlobalSection(ExtensibilityGlobals) = postSolution
		SolutionGuid = {560FDBC3-CF79-494B-8FD3-1C86B1112EA0}
	EndGlobalSection
EndGlobal
